// !$*UTF8*$!
{
	archiveVersion = 1;
	classes = {
	};
	objectVersion = 48;
	objects = {

/* Begin PBXBuildFile section */
		4D397D562E199C191D84E853 /* libPods-IntegrationObjC.a in Frameworks */ = {isa = PBXBuildFile; fileRef = CA587A9CD22ACD03DB10FD33 /* libPods-IntegrationObjC.a */; };
		FAF4440F204686D4009956B1 /* AppDelegate.m in Sources */ = {isa = PBXBuildFile; fileRef = FAF4440E204686D4009956B1 /* AppDelegate.m */; };
		FAF44412204686D4009956B1 /* ViewController.m in Sources */ = {isa = PBXBuildFile; fileRef = FAF44411204686D4009956B1 /* ViewController.m */; };
		FAF44415204686D4009956B1 /* Main.storyboard in Resources */ = {isa = PBXBuildFile; fileRef = FAF44413204686D4009956B1 /* Main.storyboard */; };
		FAF44417204686D4009956B1 /* Assets.xcassets in Resources */ = {isa = PBXBuildFile; fileRef = FAF44416204686D4009956B1 /* Assets.xcassets */; };
		FAF4441A204686D4009956B1 /* LaunchScreen.storyboard in Resources */ = {isa = PBXBuildFile; fileRef = FAF44418204686D4009956B1 /* LaunchScreen.storyboard */; };
		FAF4441D204686D4009956B1 /* main.m in Sources */ = {isa = PBXBuildFile; fileRef = FAF4441C204686D4009956B1 /* main.m */; };
		FAF444272046B2DE009956B1 /* NativeModuleManager.m in Sources */ = {isa = PBXBuildFile; fileRef = FAF444262046B2DE009956B1 /* NativeModuleManager.m */; };
/* End PBXBuildFile section */

/* Begin PBXFileReference section */
		5E00CCE7AD64D0B01AD8BF03 /* Pods-IntegrationObjC.release.xcconfig */ = {isa = PBXFileReference; includeInIndex = 1; lastKnownFileType = text.xcconfig; name = "Pods-IntegrationObjC.release.xcconfig"; path = "Pods/Target Support Files/Pods-IntegrationObjC/Pods-IntegrationObjC.release.xcconfig"; sourceTree = "<group>"; };
		CA587A9CD22ACD03DB10FD33 /* libPods-IntegrationObjC.a */ = {isa = PBXFileReference; explicitFileType = archive.ar; includeInIndex = 0; path = "libPods-IntegrationObjC.a"; sourceTree = BUILT_PRODUCTS_DIR; };
		F0028F3D0275CC70E923A039 /* Pods-IntegrationObjC.debug.xcconfig */ = {isa = PBXFileReference; includeInIndex = 1; lastKnownFileType = text.xcconfig; name = "Pods-IntegrationObjC.debug.xcconfig"; path = "Pods/Target Support Files/Pods-IntegrationObjC/Pods-IntegrationObjC.debug.xcconfig"; sourceTree = "<group>"; };
		FAF4440A204686D4009956B1 /* IntegrationObjC.app */ = {isa = PBXFileReference; explicitFileType = wrapper.application; includeInIndex = 0; path = IntegrationObjC.app; sourceTree = BUILT_PRODUCTS_DIR; };
		FAF4440D204686D4009956B1 /* AppDelegate.h */ = {isa = PBXFileReference; lastKnownFileType = sourcecode.c.h; path = AppDelegate.h; sourceTree = "<group>"; };
		FAF4440E204686D4009956B1 /* AppDelegate.m */ = {isa = PBXFileReference; lastKnownFileType = sourcecode.c.objc; path = AppDelegate.m; sourceTree = "<group>"; };
		FAF44410204686D4009956B1 /* ViewController.h */ = {isa = PBXFileReference; lastKnownFileType = sourcecode.c.h; path = ViewController.h; sourceTree = "<group>"; };
		FAF44411204686D4009956B1 /* ViewController.m */ = {isa = PBXFileReference; lastKnownFileType = sourcecode.c.objc; path = ViewController.m; sourceTree = "<group>"; };
		FAF44414204686D4009956B1 /* Base */ = {isa = PBXFileReference; lastKnownFileType = file.storyboard; name = Base; path = Base.lproj/Main.storyboard; sourceTree = "<group>"; };
		FAF44416204686D4009956B1 /* Assets.xcassets */ = {isa = PBXFileReference; lastKnownFileType = folder.assetcatalog; path = Assets.xcassets; sourceTree = "<group>"; };
		FAF44419204686D4009956B1 /* Base */ = {isa = PBXFileReference; lastKnownFileType = file.storyboard; name = Base; path = Base.lproj/LaunchScreen.storyboard; sourceTree = "<group>"; };
		FAF4441B204686D4009956B1 /* Info.plist */ = {isa = PBXFileReference; lastKnownFileType = text.plist.xml; path = Info.plist; sourceTree = "<group>"; };
		FAF4441C204686D4009956B1 /* main.m */ = {isa = PBXFileReference; lastKnownFileType = sourcecode.c.objc; path = main.m; sourceTree = "<group>"; };
		FAF444232046B1E8009956B1 /* NativeModuleManager.h */ = {isa = PBXFileReference; lastKnownFileType = sourcecode.c.h; path = NativeModuleManager.h; sourceTree = "<group>"; };
		FAF444262046B2DE009956B1 /* NativeModuleManager.m */ = {isa = PBXFileReference; lastKnownFileType = sourcecode.c.objc; path = NativeModuleManager.m; sourceTree = "<group>"; };
/* End PBXFileReference section */

/* Begin PBXFrameworksBuildPhase section */
		FAF44407204686D4009956B1 /* Frameworks */ = {
			isa = PBXFrameworksBuildPhase;
			buildActionMask = 2147483647;
			files = (
				4D397D562E199C191D84E853 /* libPods-IntegrationObjC.a in Frameworks */,
			);
			runOnlyForDeploymentPostprocessing = 0;
		};
/* End PBXFrameworksBuildPhase section */

/* Begin PBXGroup section */
		00B1D799B0DDFE14B0ACC6A9 /* Pods */ = {
			isa = PBXGroup;
			children = (
				F0028F3D0275CC70E923A039 /* Pods-IntegrationObjC.debug.xcconfig */,
				5E00CCE7AD64D0B01AD8BF03 /* Pods-IntegrationObjC.release.xcconfig */,
			);
			name = Pods;
			sourceTree = "<group>";
		};
		740B6B201C9FCC175F384FE3 /* Frameworks */ = {
			isa = PBXGroup;
			children = (
				CA587A9CD22ACD03DB10FD33 /* libPods-IntegrationObjC.a */,
			);
			name = Frameworks;
			sourceTree = "<group>";
		};
		FAF44401204686D4009956B1 = {
			isa = PBXGroup;
			children = (
				FAF4440C204686D4009956B1 /* IntegrationObjC */,
				FAF4440B204686D4009956B1 /* Products */,
				00B1D799B0DDFE14B0ACC6A9 /* Pods */,
				740B6B201C9FCC175F384FE3 /* Frameworks */,
			);
			sourceTree = "<group>";
		};
		FAF4440B204686D4009956B1 /* Products */ = {
			isa = PBXGroup;
			children = (
				FAF4440A204686D4009956B1 /* IntegrationObjC.app */,
			);
			name = Products;
			sourceTree = "<group>";
		};
		FAF4440C204686D4009956B1 /* IntegrationObjC */ = {
			isa = PBXGroup;
			children = (
				FAF4440D204686D4009956B1 /* AppDelegate.h */,
				FAF4440E204686D4009956B1 /* AppDelegate.m */,
				FAF44410204686D4009956B1 /* ViewController.h */,
				FAF44411204686D4009956B1 /* ViewController.m */,
				FAF44413204686D4009956B1 /* Main.storyboard */,
				FAF44416204686D4009956B1 /* Assets.xcassets */,
				FAF44418204686D4009956B1 /* LaunchScreen.storyboard */,
				FAF4441B204686D4009956B1 /* Info.plist */,
				FAF4441C204686D4009956B1 /* main.m */,
				FAF444232046B1E8009956B1 /* NativeModuleManager.h */,
				FAF444262046B2DE009956B1 /* NativeModuleManager.m */,
			);
			path = IntegrationObjC;
			sourceTree = "<group>";
		};
/* End PBXGroup section */

/* Begin PBXNativeTarget section */
		FAF44409204686D4009956B1 /* IntegrationObjC */ = {
			isa = PBXNativeTarget;
			buildConfigurationList = FAF44420204686D4009956B1 /* Build configuration list for PBXNativeTarget "IntegrationObjC" */;
			buildPhases = (
				FF2A6612DE5CF3ACF341A58C /* [CP] Check Pods Manifest.lock */,
				FAF44406204686D4009956B1 /* Sources */,
				FAF44407204686D4009956B1 /* Frameworks */,
				FAF44408204686D4009956B1 /* Resources */,
				FE0581A384FF329517812B14 /* [CP] Embed Pods Frameworks */,
				E463A612BFD22C27A88BD157 /* [CP] Copy Pods Resources */,
			);
			buildRules = (
			);
			dependencies = (
			);
			name = IntegrationObjC;
			productName = IntegrationObjC;
			productReference = FAF4440A204686D4009956B1 /* IntegrationObjC.app */;
			productType = "com.apple.product-type.application";
		};
/* End PBXNativeTarget section */

/* Begin PBXProject section */
		FAF44402204686D4009956B1 /* Project object */ = {
			isa = PBXProject;
			attributes = {
				LastUpgradeCheck = 0920;
				TargetAttributes = {
					FAF44409204686D4009956B1 = {
						CreatedOnToolsVersion = 9.2;
						ProvisioningStyle = Automatic;
					};
				};
			};
			buildConfigurationList = FAF44405204686D4009956B1 /* Build configuration list for PBXProject "IntegrationObjC" */;
			compatibilityVersion = "Xcode 8.0";
			developmentRegion = en;
			hasScannedForEncodings = 0;
			knownRegions = (
				en,
				Base,
			);
			mainGroup = FAF44401204686D4009956B1;
			productRefGroup = FAF4440B204686D4009956B1 /* Products */;
			projectDirPath = "";
			projectRoot = "";
			targets = (
				FAF44409204686D4009956B1 /* IntegrationObjC */,
			);
		};
/* End PBXProject section */

/* Begin PBXResourcesBuildPhase section */
		FAF44408204686D4009956B1 /* Resources */ = {
			isa = PBXResourcesBuildPhase;
			buildActionMask = 2147483647;
			files = (
				FAF4441A204686D4009956B1 /* LaunchScreen.storyboard in Resources */,
				FAF44417204686D4009956B1 /* Assets.xcassets in Resources */,
				FAF44415204686D4009956B1 /* Main.storyboard in Resources */,
			);
			runOnlyForDeploymentPostprocessing = 0;
		};
/* End PBXResourcesBuildPhase section */

/* Begin PBXShellScriptBuildPhase section */
		E463A612BFD22C27A88BD157 /* [CP] Copy Pods Resources */ = {
			isa = PBXShellScriptBuildPhase;
			buildActionMask = 2147483647;
			files = (
			);
			inputPaths = (
			);
			name = "[CP] Copy Pods Resources";
			outputPaths = (
			);
			runOnlyForDeploymentPostprocessing = 0;
			shellPath = /bin/sh;
			shellScript = "\"${SRCROOT}/Pods/Target Support Files/Pods-IntegrationObjC/Pods-IntegrationObjC-resources.sh\"\n";
			showEnvVarsInLog = 0;
		};
		FE0581A384FF329517812B14 /* [CP] Embed Pods Frameworks */ = {
			isa = PBXShellScriptBuildPhase;
			buildActionMask = 2147483647;
			files = (
			);
			inputPaths = (
			);
			name = "[CP] Embed Pods Frameworks";
			outputPaths = (
			);
			runOnlyForDeploymentPostprocessing = 0;
			shellPath = /bin/sh;
			shellScript = "\"${SRCROOT}/Pods/Target Support Files/Pods-IntegrationObjC/Pods-IntegrationObjC-frameworks.sh\"\n";
			showEnvVarsInLog = 0;
		};
		FF2A6612DE5CF3ACF341A58C /* [CP] Check Pods Manifest.lock */ = {
			isa = PBXShellScriptBuildPhase;
			buildActionMask = 2147483647;
			files = (
			);
			inputPaths = (
				"${PODS_PODFILE_DIR_PATH}/Podfile.lock",
				"${PODS_ROOT}/Manifest.lock",
			);
			name = "[CP] Check Pods Manifest.lock";
			outputPaths = (
				"$(DERIVED_FILE_DIR)/Pods-IntegrationObjC-checkManifestLockResult.txt",
			);
			runOnlyForDeploymentPostprocessing = 0;
			shellPath = /bin/sh;
			shellScript = "diff \"${PODS_PODFILE_DIR_PATH}/Podfile.lock\" \"${PODS_ROOT}/Manifest.lock\" > /dev/null\nif [ $? != 0 ] ; then\n    # print error to STDERR\n    echo \"error: The sandbox is not in sync with the Podfile.lock. Run 'pod install' or update your CocoaPods installation.\" >&2\n    exit 1\nfi\n# This output is used by Xcode 'outputs' to avoid re-running this script phase.\necho \"SUCCESS\" > \"${SCRIPT_OUTPUT_FILE_0}\"\n";
			showEnvVarsInLog = 0;
		};
/* End PBXShellScriptBuildPhase section */

/* Begin PBXSourcesBuildPhase section */
		FAF44406204686D4009956B1 /* Sources */ = {
			isa = PBXSourcesBuildPhase;
			buildActionMask = 2147483647;
			files = (
				FAF444272046B2DE009956B1 /* NativeModuleManager.m in Sources */,
				FAF44412204686D4009956B1 /* ViewController.m in Sources */,
				FAF4441D204686D4009956B1 /* main.m in Sources */,
				FAF4440F204686D4009956B1 /* AppDelegate.m in Sources */,
			);
			runOnlyForDeploymentPostprocessing = 0;
		};
/* End PBXSourcesBuildPhase section */

/* Begin PBXVariantGroup section */
		FAF44413204686D4009956B1 /* Main.storyboard */ = {
			isa = PBXVariantGroup;
			children = (
				FAF44414204686D4009956B1 /* Base */,
			);
			name = Main.storyboard;
			sourceTree = "<group>";
		};
		FAF44418204686D4009956B1 /* LaunchScreen.storyboard */ = {
			isa = PBXVariantGroup;
			children = (
				FAF44419204686D4009956B1 /* Base */,
			);
			name = LaunchScreen.storyboard;
			sourceTree = "<group>";
		};
/* End PBXVariantGroup section */

/* Begin XCBuildConfiguration section */
		FAF4441E204686D4009956B1 /* Debug */ = {
			isa = XCBuildConfiguration;
			buildSettings = {
				ALWAYS_SEARCH_USER_PATHS = NO;
				CLANG_ANALYZER_NONNULL = YES;
				CLANG_ANALYZER_NUMBER_OBJECT_CONVERSION = YES_AGGRESSIVE;
				CLANG_CXX_LANGUAGE_STANDARD = "gnu++14";
				CLANG_CXX_LIBRARY = "libc++";
				CLANG_ENABLE_MODULES = YES;
				CLANG_ENABLE_OBJC_ARC = YES;
				CLANG_WARN_BLOCK_CAPTURE_AUTORELEASING = YES;
				CLANG_WARN_BOOL_CONVERSION = YES;
				CLANG_WARN_COMMA = YES;
				CLANG_WARN_CONSTANT_CONVERSION = YES;
				CLANG_WARN_DIRECT_OBJC_ISA_USAGE = YES_ERROR;
				CLANG_WARN_DOCUMENTATION_COMMENTS = YES;
				CLANG_WARN_EMPTY_BODY = YES;
				CLANG_WARN_ENUM_CONVERSION = YES;
				CLANG_WARN_INFINITE_RECURSION = YES;
				CLANG_WARN_INT_CONVERSION = YES;
				CLANG_WARN_NON_LITERAL_NULL_CONVERSION = YES;
				CLANG_WARN_OBJC_LITERAL_CONVERSION = YES;
				CLANG_WARN_OBJC_ROOT_CLASS = YES_ERROR;
				CLANG_WARN_RANGE_LOOP_ANALYSIS = YES;
				CLANG_WARN_STRICT_PROTOTYPES = YES;
				CLANG_WARN_SUSPICIOUS_MOVE = YES;
				CLANG_WARN_UNGUARDED_AVAILABILITY = YES_AGGRESSIVE;
				CLANG_WARN_UNREACHABLE_CODE = YES;
				CLANG_WARN__DUPLICATE_METHOD_MATCH = YES;
				CODE_SIGN_IDENTITY = "iPhone Developer";
				COPY_PHASE_STRIP = NO;
				DEBUG_INFORMATION_FORMAT = dwarf;
				ENABLE_STRICT_OBJC_MSGSEND = YES;
				ENABLE_TESTABILITY = YES;
				GCC_C_LANGUAGE_STANDARD = gnu11;
				GCC_DYNAMIC_NO_PIC = NO;
				GCC_NO_COMMON_BLOCKS = YES;
				GCC_OPTIMIZATION_LEVEL = 0;
				GCC_PREPROCESSOR_DEFINITIONS = (
					"DEBUG=1",
					"$(inherited)",
				);
				GCC_WARN_64_TO_32_BIT_CONVERSION = YES;
				GCC_WARN_ABOUT_RETURN_TYPE = YES_ERROR;
				GCC_WARN_UNDECLARED_SELECTOR = YES;
				GCC_WARN_UNINITIALIZED_AUTOS = YES_AGGRESSIVE;
				GCC_WARN_UNUSED_FUNCTION = YES;
				GCC_WARN_UNUSED_VARIABLE = YES;
				IPHONEOS_DEPLOYMENT_TARGET = 11.2;
				MTL_ENABLE_DEBUG_INFO = YES;
				ONLY_ACTIVE_ARCH = YES;
				SDKROOT = iphoneos;
			};
			name = Debug;
		};
		FAF4441F204686D4009956B1 /* Release */ = {
			isa = XCBuildConfiguration;
			buildSettings = {
				ALWAYS_SEARCH_USER_PATHS = NO;
				CLANG_ANALYZER_NONNULL = YES;
				CLANG_ANALYZER_NUMBER_OBJECT_CONVERSION = YES_AGGRESSIVE;
				CLANG_CXX_LANGUAGE_STANDARD = "gnu++14";
				CLANG_CXX_LIBRARY = "libc++";
				CLANG_ENABLE_MODULES = YES;
				CLANG_ENABLE_OBJC_ARC = YES;
				CLANG_WARN_BLOCK_CAPTURE_AUTORELEASING = YES;
				CLANG_WARN_BOOL_CONVERSION = YES;
				CLANG_WARN_COMMA = YES;
				CLANG_WARN_CONSTANT_CONVERSION = YES;
				CLANG_WARN_DIRECT_OBJC_ISA_USAGE = YES_ERROR;
				CLANG_WARN_DOCUMENTATION_COMMENTS = YES;
				CLANG_WARN_EMPTY_BODY = YES;
				CLANG_WARN_ENUM_CONVERSION = YES;
				CLANG_WARN_INFINITE_RECURSION = YES;
				CLANG_WARN_INT_CONVERSION = YES;
				CLANG_WARN_NON_LITERAL_NULL_CONVERSION = YES;
				CLANG_WARN_OBJC_LITERAL_CONVERSION = YES;
				CLANG_WARN_OBJC_ROOT_CLASS = YES_ERROR;
				CLANG_WARN_RANGE_LOOP_ANALYSIS = YES;
				CLANG_WARN_STRICT_PROTOTYPES = YES;
				CLANG_WARN_SUSPICIOUS_MOVE = YES;
				CLANG_WARN_UNGUARDED_AVAILABILITY = YES_AGGRESSIVE;
				CLANG_WARN_UNREACHABLE_CODE = YES;
				CLANG_WARN__DUPLICATE_METHOD_MATCH = YES;
				CODE_SIGN_IDENTITY = "iPhone Developer";
				COPY_PHASE_STRIP = NO;
				DEBUG_INFORMATION_FORMAT = "dwarf-with-dsym";
				ENABLE_NS_ASSERTIONS = NO;
				ENABLE_STRICT_OBJC_MSGSEND = YES;
				GCC_C_LANGUAGE_STANDARD = gnu11;
				GCC_NO_COMMON_BLOCKS = YES;
				GCC_WARN_64_TO_32_BIT_CONVERSION = YES;
				GCC_WARN_ABOUT_RETURN_TYPE = YES_ERROR;
				GCC_WARN_UNDECLARED_SELECTOR = YES;
				GCC_WARN_UNINITIALIZED_AUTOS = YES_AGGRESSIVE;
				GCC_WARN_UNUSED_FUNCTION = YES;
				GCC_WARN_UNUSED_VARIABLE = YES;
				IPHONEOS_DEPLOYMENT_TARGET = 11.2;
				MTL_ENABLE_DEBUG_INFO = NO;
				SDKROOT = iphoneos;
				VALIDATE_PRODUCT = YES;
			};
			name = Release;
		};
		FAF44421204686D4009956B1 /* Debug */ = {
			isa = XCBuildConfiguration;
			baseConfigurationReference = F0028F3D0275CC70E923A039 /* Pods-IntegrationObjC.debug.xcconfig */;
			buildSettings = {
				ASSETCATALOG_COMPILER_APPICON_NAME = AppIcon;
				CODE_SIGN_STYLE = Automatic;
				INFOPLIST_FILE = IntegrationObjC/Info.plist;
				IPHONEOS_DEPLOYMENT_TARGET = 9.0;
				LD_RUNPATH_SEARCH_PATHS = "$(inherited) @executable_path/Frameworks";
				PRODUCT_BUNDLE_IDENTIFIER = com.vuproject.IntegrationObjC;
				PRODUCT_NAME = "$(TARGET_NAME)";
				TARGETED_DEVICE_FAMILY = "1,2";
			};
			name = Debug;
		};
		FAF44422204686D4009956B1 /* Release */ = {
			isa = XCBuildConfiguration;
			baseConfigurationReference = 5E00CCE7AD64D0B01AD8BF03 /* Pods-IntegrationObjC.release.xcconfig */;
			buildSettings = {
				ASSETCATALOG_COMPILER_APPICON_NAME = AppIcon;
				CODE_SIGN_STYLE = Automatic;
				INFOPLIST_FILE = IntegrationObjC/Info.plist;
				IPHONEOS_DEPLOYMENT_TARGET = 9.0;
				LD_RUNPATH_SEARCH_PATHS = "$(inherited) @executable_path/Frameworks";
				PRODUCT_BUNDLE_IDENTIFIER = com.vuproject.IntegrationObjC;
				PRODUCT_NAME = "$(TARGET_NAME)";
				TARGETED_DEVICE_FAMILY = "1,2";
			};
			name = Release;
		};
/* End XCBuildConfiguration section */

/* Begin XCConfigurationList section */
		FAF44405204686D4009956B1 /* Build configuration list for PBXProject "IntegrationObjC" */ = {
			isa = XCConfigurationList;
			buildConfigurations = (
				FAF4441E204686D4009956B1 /* Debug */,
				FAF4441F204686D4009956B1 /* Release */,
			);
			defaultConfigurationIsVisible = 0;
			defaultConfigurationName = Release;
		};
		FAF44420204686D4009956B1 /* Build configuration list for PBXNativeTarget "IntegrationObjC" */ = {
			isa = XCConfigurationList;
			buildConfigurations = (
				FAF44421204686D4009956B1 /* Debug */,
				FAF44422204686D4009956B1 /* Release */,
			);
			defaultConfigurationIsVisible = 0;
			defaultConfigurationName = Release;
		};
/* End XCConfigurationList section */
	};
	rootObject = FAF44402204686D4009956B1 /* Project object */;
}
